dependencies:
  esp-idf-lib/esp_idf_lib_helpers:
    component_hash: 689853bb8993434f9556af0f2816e808bf77b5d22100144b21f3519993daf237
    dependencies: []
    source:
      registry_url: https://components.espressif.com/
      type: service
    targets:
    - esp32
    - esp32c2
    - esp32c3
    - esp32c5
    - esp32c6
    - esp32c61
    - esp32h2
    - esp32p4
    - esp32s2
    - esp32s3
    version: 1.4.0
  esp-idf-lib/i2cdev:
    dependencies: []
    source:
      path: /home/elv/malek/esp-idf/accel-block/components/esp-idf-lib__i2cdev
      type: local
    version: 2.1.0
  idf:
    source:
      type: idf
    version: 5.5.1
direct_dependencies:
- esp-idf-lib/esp_idf_lib_helpers
- esp-idf-lib/i2cdev
manifest_hash: 49b3f8125adb474bb11a5ad2a52124e88a25f2bebdbbbff224e503d0a5c4709f
target: esp32c3
version: 2.0.0
